// !$*UTF8*$!
{
	archiveVersion = 1;
	classes = {
	};
	objectVersion = 55;
	objects = {

/* Begin PBXBuildFile section */
		3A4F560F27EF947F00ECF06B /* AppDelegate.swift in Sources */ = {isa = PBXBuildFile; fileRef = 3A4F560E27EF947F00ECF06B /* AppDelegate.swift */; };
		3A4F561927EF947F00ECF06B /* ToDo.xcdatamodeld in Sources */ = {isa = PBXBuildFile; fileRef = 3A4F561727EF947F00ECF06B /* ToDo.xcdatamodeld */; };
		3A4F561B27EF948300ECF06B /* Assets.xcassets in Resources */ = {isa = PBXBuildFile; fileRef = 3A4F561A27EF948300ECF06B /* Assets.xcassets */; };
		3A4F561E27EF948300ECF06B /* LaunchScreen.storyboard in Resources */ = {isa = PBXBuildFile; fileRef = 3A4F561C27EF948300ECF06B /* LaunchScreen.storyboard */; };
		3A576E6B282D9B2F004F108B /* LocalNotification.swift in Sources */ = {isa = PBXBuildFile; fileRef = 3A576E6A282D9B2F004F108B /* LocalNotification.swift */; };
		3A606D53287790910036635B /* TaskStruct.swift in Sources */ = {isa = PBXBuildFile; fileRef = 3A606D52287790910036635B /* TaskStruct.swift */; };
		3A7FFA5A2865C49F00A7CC27 /* CodeLayoutNT.swift in Sources */ = {isa = PBXBuildFile; fileRef = 3A7FFA592865C49F00A7CC27 /* CodeLayoutNT.swift */; };
		3A7FFA5E28661EE500A7CC27 /* NewTask+ext.swift in Sources */ = {isa = PBXBuildFile; fileRef = 3A7FFA5D28661EE500A7CC27 /* NewTask+ext.swift */; };
		3A975B87288AC59E0049A4E1 /* tappedFeedBack.swift in Sources */ = {isa = PBXBuildFile; fileRef = 3A975B86288AC59E0049A4E1 /* tappedFeedBack.swift */; };
		3A975B89288B01D90049A4E1 /* VisualViewCell.swift in Sources */ = {isa = PBXBuildFile; fileRef = 3A975B88288B01D90049A4E1 /* VisualViewCell.swift */; };
		3AB9C28C287234B700EB5544 /* UIColor+ext.swift in Sources */ = {isa = PBXBuildFile; fileRef = 3AB9C28B287234B700EB5544 /* UIColor+ext.swift */; };
		3AC8554727EFBBA700A7891D /* CustomCell.swift in Sources */ = {isa = PBXBuildFile; fileRef = 3AC8554627EFBBA700A7891D /* CustomCell.swift */; };
		3AC8555527EFCE7500A7891D /* Tasks+CoreDataClass.swift in Sources */ = {isa = PBXBuildFile; fileRef = 3AC8555327EFCE7500A7891D /* Tasks+CoreDataClass.swift */; };
		3AC8555627EFCE7500A7891D /* Tasks+CoreDataProperties.swift in Sources */ = {isa = PBXBuildFile; fileRef = 3AC8555427EFCE7500A7891D /* Tasks+CoreDataProperties.swift */; };
		3AD1FF772827FA41002ECA67 /* UILabel+ext.swift in Sources */ = {isa = PBXBuildFile; fileRef = 3AD1FF762827FA41002ECA67 /* UILabel+ext.swift */; };
		3AD1FF7B2827FB25002ECA67 /* UIFont + ext.swift in Sources */ = {isa = PBXBuildFile; fileRef = 3AD1FF7A2827FB25002ECA67 /* UIFont + ext.swift */; };
		3AD1FF7E28280FC7002ECA67 /* CoreDataMethods.swift in Sources */ = {isa = PBXBuildFile; fileRef = 3AD1FF7D28280FC7002ECA67 /* CoreDataMethods.swift */; };
		3AD1FF8428284092002ECA67 /* NewTask.swift in Sources */ = {isa = PBXBuildFile; fileRef = 3AD1FF8328284092002ECA67 /* NewTask.swift */; };
		3ADB459C2888269F00427BD8 /* MainViewModel.swift in Sources */ = {isa = PBXBuildFile; fileRef = 3ADB459B2888269F00427BD8 /* MainViewModel.swift */; };
		3ADB459E288827FF00427BD8 /* MainIO.swift in Sources */ = {isa = PBXBuildFile; fileRef = 3ADB459D288827FF00427BD8 /* MainIO.swift */; };
		3ADB45A028882C1F00427BD8 /* Coordinator.swift in Sources */ = {isa = PBXBuildFile; fileRef = 3ADB459F28882C1F00427BD8 /* Coordinator.swift */; };
		3ADB45A228882C9100427BD8 /* Assembly.swift in Sources */ = {isa = PBXBuildFile; fileRef = 3ADB45A128882C9100427BD8 /* Assembly.swift */; };
		3ADB45A528882D1500427BD8 /* TasksUseCase.swift in Sources */ = {isa = PBXBuildFile; fileRef = 3ADB45A428882D1500427BD8 /* TasksUseCase.swift */; };
		3ADB45A7288837BE00427BD8 /* NewTaskViewModel.swift in Sources */ = {isa = PBXBuildFile; fileRef = 3ADB45A6288837BE00427BD8 /* NewTaskViewModel.swift */; };
		3ADB45A92888389500427BD8 /* NewTaskIO.swift in Sources */ = {isa = PBXBuildFile; fileRef = 3ADB45A82888389500427BD8 /* NewTaskIO.swift */; };
		3ADBF4D62827F316000BA06B /* Main.swift in Sources */ = {isa = PBXBuildFile; fileRef = 3ADBF4D52827F316000BA06B /* Main.swift */; };
/* End PBXBuildFile section */

/* Begin PBXFileReference section */
		3A4F560B27EF947F00ECF06B /* ToDo.app */ = {isa = PBXFileReference; explicitFileType = wrapper.application; includeInIndex = 0; path = ToDo.app; sourceTree = BUILT_PRODUCTS_DIR; };
		3A4F560E27EF947F00ECF06B /* AppDelegate.swift */ = {isa = PBXFileReference; lastKnownFileType = sourcecode.swift; path = AppDelegate.swift; sourceTree = "<group>"; };
		3A4F561827EF947F00ECF06B /* ToDo.xcdatamodel */ = {isa = PBXFileReference; lastKnownFileType = wrapper.xcdatamodel; path = ToDo.xcdatamodel; sourceTree = "<group>"; };
		3A4F561A27EF948300ECF06B /* Assets.xcassets */ = {isa = PBXFileReference; lastKnownFileType = folder.assetcatalog; path = Assets.xcassets; sourceTree = "<group>"; };
		3A4F561D27EF948300ECF06B /* Base */ = {isa = PBXFileReference; lastKnownFileType = file.storyboard; name = Base; path = Base.lproj/LaunchScreen.storyboard; sourceTree = "<group>"; };
		3A4F561F27EF948300ECF06B /* Info.plist */ = {isa = PBXFileReference; lastKnownFileType = text.plist.xml; path = Info.plist; sourceTree = "<group>"; };
		3A576E6A282D9B2F004F108B /* LocalNotification.swift */ = {isa = PBXFileReference; lastKnownFileType = sourcecode.swift; path = LocalNotification.swift; sourceTree = "<group>"; };
		3A606D52287790910036635B /* TaskStruct.swift */ = {isa = PBXFileReference; lastKnownFileType = sourcecode.swift; path = TaskStruct.swift; sourceTree = "<group>"; };
		3A7FFA592865C49F00A7CC27 /* CodeLayoutNT.swift */ = {isa = PBXFileReference; lastKnownFileType = sourcecode.swift; path = CodeLayoutNT.swift; sourceTree = "<group>"; };
		3A7FFA5D28661EE500A7CC27 /* NewTask+ext.swift */ = {isa = PBXFileReference; lastKnownFileType = sourcecode.swift; path = "NewTask+ext.swift"; sourceTree = "<group>"; };
		3A975B86288AC59E0049A4E1 /* tappedFeedBack.swift */ = {isa = PBXFileReference; lastKnownFileType = sourcecode.swift; path = tappedFeedBack.swift; sourceTree = "<group>"; };
		3A975B88288B01D90049A4E1 /* VisualViewCell.swift */ = {isa = PBXFileReference; lastKnownFileType = sourcecode.swift; path = VisualViewCell.swift; sourceTree = "<group>"; };
		3AB9C28B287234B700EB5544 /* UIColor+ext.swift */ = {isa = PBXFileReference; lastKnownFileType = sourcecode.swift; path = "UIColor+ext.swift"; sourceTree = "<group>"; };
		3AC8554627EFBBA700A7891D /* CustomCell.swift */ = {isa = PBXFileReference; lastKnownFileType = sourcecode.swift; path = CustomCell.swift; sourceTree = "<group>"; };
		3AC8555327EFCE7500A7891D /* Tasks+CoreDataClass.swift */ = {isa = PBXFileReference; lastKnownFileType = sourcecode.swift; path = "Tasks+CoreDataClass.swift"; sourceTree = "<group>"; };
		3AC8555427EFCE7500A7891D /* Tasks+CoreDataProperties.swift */ = {isa = PBXFileReference; lastKnownFileType = sourcecode.swift; path = "Tasks+CoreDataProperties.swift"; sourceTree = "<group>"; };
		3AD1FF762827FA41002ECA67 /* UILabel+ext.swift */ = {isa = PBXFileReference; lastKnownFileType = sourcecode.swift; path = "UILabel+ext.swift"; sourceTree = "<group>"; };
		3AD1FF7A2827FB25002ECA67 /* UIFont + ext.swift */ = {isa = PBXFileReference; lastKnownFileType = sourcecode.swift; path = "UIFont + ext.swift"; sourceTree = "<group>"; };
		3AD1FF7D28280FC7002ECA67 /* CoreDataMethods.swift */ = {isa = PBXFileReference; lastKnownFileType = sourcecode.swift; path = CoreDataMethods.swift; sourceTree = "<group>"; };
		3AD1FF8328284092002ECA67 /* NewTask.swift */ = {isa = PBXFileReference; lastKnownFileType = sourcecode.swift; path = NewTask.swift; sourceTree = "<group>"; };
		3ADB459B2888269F00427BD8 /* MainViewModel.swift */ = {isa = PBXFileReference; lastKnownFileType = sourcecode.swift; path = MainViewModel.swift; sourceTree = "<group>"; };
		3ADB459D288827FF00427BD8 /* MainIO.swift */ = {isa = PBXFileReference; lastKnownFileType = sourcecode.swift; path = MainIO.swift; sourceTree = "<group>"; };
		3ADB459F28882C1F00427BD8 /* Coordinator.swift */ = {isa = PBXFileReference; lastKnownFileType = sourcecode.swift; path = Coordinator.swift; sourceTree = "<group>"; };
		3ADB45A128882C9100427BD8 /* Assembly.swift */ = {isa = PBXFileReference; lastKnownFileType = sourcecode.swift; path = Assembly.swift; sourceTree = "<group>"; };
		3ADB45A428882D1500427BD8 /* TasksUseCase.swift */ = {isa = PBXFileReference; lastKnownFileType = sourcecode.swift; path = TasksUseCase.swift; sourceTree = "<group>"; };
		3ADB45A6288837BE00427BD8 /* NewTaskViewModel.swift */ = {isa = PBXFileReference; lastKnownFileType = sourcecode.swift; path = NewTaskViewModel.swift; sourceTree = "<group>"; };
		3ADB45A82888389500427BD8 /* NewTaskIO.swift */ = {isa = PBXFileReference; lastKnownFileType = sourcecode.swift; path = NewTaskIO.swift; sourceTree = "<group>"; };
		3ADBF4D52827F316000BA06B /* Main.swift */ = {isa = PBXFileReference; lastKnownFileType = sourcecode.swift; path = Main.swift; sourceTree = "<group>"; };
/* End PBXFileReference section */

/* Begin PBXFrameworksBuildPhase section */
		3A4F560827EF947F00ECF06B /* Frameworks */ = {
			isa = PBXFrameworksBuildPhase;
			buildActionMask = 2147483647;
			files = (
			);
			runOnlyForDeploymentPostprocessing = 0;
		};
/* End PBXFrameworksBuildPhase section */

/* Begin PBXGroup section */
		3A4F560227EF947E00ECF06B = {
			isa = PBXGroup;
			children = (
				3A4F560D27EF947F00ECF06B /* ToDo */,
				3A4F560C27EF947F00ECF06B /* Products */,
			);
			sourceTree = "<group>";
		};
		3A4F560C27EF947F00ECF06B /* Products */ = {
			isa = PBXGroup;
			children = (
				3A4F560B27EF947F00ECF06B /* ToDo.app */,
			);
			name = Products;
			sourceTree = "<group>";
		};
		3A4F560D27EF947F00ECF06B /* ToDo */ = {
			isa = PBXGroup;
			children = (
				3A4F562527EF965E00ECF06B /* Model */,
				3ADB45A328882CEF00427BD8 /* UseCases */,
				3A4F562627EF966C00ECF06B /* Modules */,
				3AC8555727EFCF0700A7891D /* CoreData */,
				3ADBF4DF2827F4F5000BA06B /* Exstension */,
				3A4F562927EF9EAE00ECF06B /* SupportFiles */,
			);
			path = ToDo;
			sourceTree = "<group>";
		};
		3A4F562527EF965E00ECF06B /* Model */ = {
			isa = PBXGroup;
			children = (
				3A606D52287790910036635B /* TaskStruct.swift */,
			);
			path = Model;
			sourceTree = "<group>";
		};
		3A4F562627EF966C00ECF06B /* Modules */ = {
			isa = PBXGroup;
			children = (
				3ADB459F28882C1F00427BD8 /* Coordinator.swift */,
				3ADB45A128882C9100427BD8 /* Assembly.swift */,
				3A7FFA5B2865CCD000A7CC27 /* Main */,
				3A7FFA5C2865CCF900A7CC27 /* NewTaskVC */,
				3A7FFA5F2867874500A7CC27 /* CustomCell */,
			);
			path = Modules;
			sourceTree = "<group>";
		};
		3A4F562927EF9EAE00ECF06B /* SupportFiles */ = {
			isa = PBXGroup;
			children = (
				3A4F561C27EF948300ECF06B /* LaunchScreen.storyboard */,
				3A4F560E27EF947F00ECF06B /* AppDelegate.swift */,
				3A4F561A27EF948300ECF06B /* Assets.xcassets */,
				3A4F561F27EF948300ECF06B /* Info.plist */,
			);
			path = SupportFiles;
			sourceTree = "<group>";
		};
		3A7FFA5B2865CCD000A7CC27 /* Main */ = {
			isa = PBXGroup;
			children = (
				3ADBF4D52827F316000BA06B /* Main.swift */,
				3ADB459B2888269F00427BD8 /* MainViewModel.swift */,
				3ADB459D288827FF00427BD8 /* MainIO.swift */,
			);
			path = Main;
			sourceTree = "<group>";
		};
		3A7FFA5C2865CCF900A7CC27 /* NewTaskVC */ = {
			isa = PBXGroup;
			children = (
				3AD1FF8328284092002ECA67 /* NewTask.swift */,
				3ADB45A6288837BE00427BD8 /* NewTaskViewModel.swift */,
				3ADB45A82888389500427BD8 /* NewTaskIO.swift */,
				3A7FFA5D28661EE500A7CC27 /* NewTask+ext.swift */,
				3A7FFA592865C49F00A7CC27 /* CodeLayoutNT.swift */,
			);
			path = NewTaskVC;
			sourceTree = "<group>";
		};
		3A7FFA5F2867874500A7CC27 /* CustomCell */ = {
			isa = PBXGroup;
			children = (
				3AC8554627EFBBA700A7891D /* CustomCell.swift */,
				3A975B88288B01D90049A4E1 /* VisualViewCell.swift */,
			);
			path = CustomCell;
			sourceTree = "<group>";
		};
		3AC8555727EFCF0700A7891D /* CoreData */ = {
			isa = PBXGroup;
			children = (
				3AD1FF7D28280FC7002ECA67 /* CoreDataMethods.swift */,
				3A576E6A282D9B2F004F108B /* LocalNotification.swift */,
				3AC8555327EFCE7500A7891D /* Tasks+CoreDataClass.swift */,
				3AC8555427EFCE7500A7891D /* Tasks+CoreDataProperties.swift */,
				3A4F561727EF947F00ECF06B /* ToDo.xcdatamodeld */,
			);
			path = CoreData;
			sourceTree = "<group>";
		};
		3AD1FF7C2827FD9B002ECA67 /* UIKit */ = {
			isa = PBXGroup;
			children = (
				3AD1FF762827FA41002ECA67 /* UILabel+ext.swift */,
				3AB9C28B287234B700EB5544 /* UIColor+ext.swift */,
				3AD1FF7A2827FB25002ECA67 /* UIFont + ext.swift */,
			);
			path = UIKit;
			sourceTree = "<group>";
		};
		3ADB45A328882CEF00427BD8 /* UseCases */ = {
			isa = PBXGroup;
			children = (
				3ADB45A428882D1500427BD8 /* TasksUseCase.swift */,
				3A975B86288AC59E0049A4E1 /* tappedFeedBack.swift */,
			);
			path = UseCases;
			sourceTree = "<group>";
		};
		3ADBF4DF2827F4F5000BA06B /* Exstension */ = {
			isa = PBXGroup;
			children = (
				3AD1FF7C2827FD9B002ECA67 /* UIKit */,
			);
			path = Exstension;
			sourceTree = "<group>";
		};
/* End PBXGroup section */

/* Begin PBXNativeTarget section */
		3A4F560A27EF947F00ECF06B /* ToDo */ = {
			isa = PBXNativeTarget;
			buildConfigurationList = 3A4F562227EF948300ECF06B /* Build configuration list for PBXNativeTarget "ToDo" */;
			buildPhases = (
				3A4F560727EF947F00ECF06B /* Sources */,
				3A4F560827EF947F00ECF06B /* Frameworks */,
				3A4F560927EF947F00ECF06B /* Resources */,
			);
			buildRules = (
			);
			dependencies = (
			);
			name = ToDo;
			productName = ToDo;
			productReference = 3A4F560B27EF947F00ECF06B /* ToDo.app */;
			productType = "com.apple.product-type.application";
		};
/* End PBXNativeTarget section */

/* Begin PBXProject section */
		3A4F560327EF947E00ECF06B /* Project object */ = {
			isa = PBXProject;
			attributes = {
				BuildIndependentTargetsInParallel = 1;
				LastSwiftUpdateCheck = 1330;
				LastUpgradeCheck = 1330;
				TargetAttributes = {
					3A4F560A27EF947F00ECF06B = {
						CreatedOnToolsVersion = 13.3;
					};
				};
			};
			buildConfigurationList = 3A4F560627EF947E00ECF06B /* Build configuration list for PBXProject "ToDo" */;
			compatibilityVersion = "Xcode 13.0";
			developmentRegion = en;
			hasScannedForEncodings = 0;
			knownRegions = (
				en,
				Base,
			);
			mainGroup = 3A4F560227EF947E00ECF06B;
			productRefGroup = 3A4F560C27EF947F00ECF06B /* Products */;
			projectDirPath = "";
			projectRoot = "";
			targets = (
				3A4F560A27EF947F00ECF06B /* ToDo */,
			);
		};
/* End PBXProject section */

/* Begin PBXResourcesBuildPhase section */
		3A4F560927EF947F00ECF06B /* Resources */ = {
			isa = PBXResourcesBuildPhase;
			buildActionMask = 2147483647;
			files = (
				3A4F561E27EF948300ECF06B /* LaunchScreen.storyboard in Resources */,
				3A4F561B27EF948300ECF06B /* Assets.xcassets in Resources */,
			);
			runOnlyForDeploymentPostprocessing = 0;
		};
/* End PBXResourcesBuildPhase section */

/* Begin PBXSourcesBuildPhase section */
		3A4F560727EF947F00ECF06B /* Sources */ = {
			isa = PBXSourcesBuildPhase;
			buildActionMask = 2147483647;
			files = (
				3AD1FF7B2827FB25002ECA67 /* UIFont + ext.swift in Sources */,
				3AD1FF7E28280FC7002ECA67 /* CoreDataMethods.swift in Sources */,
				3A7FFA5E28661EE500A7CC27 /* NewTask+ext.swift in Sources */,
				3A576E6B282D9B2F004F108B /* LocalNotification.swift in Sources */,
				3AB9C28C287234B700EB5544 /* UIColor+ext.swift in Sources */,
				3ADBF4D62827F316000BA06B /* Main.swift in Sources */,
				3AC8555627EFCE7500A7891D /* Tasks+CoreDataProperties.swift in Sources */,
				3AC8554727EFBBA700A7891D /* CustomCell.swift in Sources */,
				3A975B89288B01D90049A4E1 /* VisualViewCell.swift in Sources */,
				3A606D53287790910036635B /* TaskStruct.swift in Sources */,
				3ADB45A7288837BE00427BD8 /* NewTaskViewModel.swift in Sources */,
				3A4F560F27EF947F00ECF06B /* AppDelegate.swift in Sources */,
				3ADB459E288827FF00427BD8 /* MainIO.swift in Sources */,
				3AC8555527EFCE7500A7891D /* Tasks+CoreDataClass.swift in Sources */,
				3A975B87288AC59E0049A4E1 /* tappedFeedBack.swift in Sources */,
				3ADB45A528882D1500427BD8 /* TasksUseCase.swift in Sources */,
				3AD1FF8428284092002ECA67 /* NewTask.swift in Sources */,
				3A7FFA5A2865C49F00A7CC27 /* CodeLayoutNT.swift in Sources */,
				3AD1FF772827FA41002ECA67 /* UILabel+ext.swift in Sources */,
				3ADB45A92888389500427BD8 /* NewTaskIO.swift in Sources */,
				3ADB45A228882C9100427BD8 /* Assembly.swift in Sources */,
				3ADB45A028882C1F00427BD8 /* Coordinator.swift in Sources */,
				3ADB459C2888269F00427BD8 /* MainViewModel.swift in Sources */,
				3A4F561927EF947F00ECF06B /* ToDo.xcdatamodeld in Sources */,
			);
			runOnlyForDeploymentPostprocessing = 0;
		};
/* End PBXSourcesBuildPhase section */

/* Begin PBXVariantGroup section */
		3A4F561C27EF948300ECF06B /* LaunchScreen.storyboard */ = {
			isa = PBXVariantGroup;
			children = (
				3A4F561D27EF948300ECF06B /* Base */,
			);
			name = LaunchScreen.storyboard;
			sourceTree = "<group>";
		};
/* End PBXVariantGroup section */

/* Begin XCBuildConfiguration section */
		3A4F562027EF948300ECF06B /* Debug */ = {
			isa = XCBuildConfiguration;
			buildSettings = {
				ALWAYS_SEARCH_USER_PATHS = NO;
				CLANG_ANALYZER_NONNULL = YES;
				CLANG_ANALYZER_NUMBER_OBJECT_CONVERSION = YES_AGGRESSIVE;
				CLANG_CXX_LANGUAGE_STANDARD = "gnu++17";
				CLANG_ENABLE_MODULES = YES;
				CLANG_ENABLE_OBJC_ARC = YES;
				CLANG_ENABLE_OBJC_WEAK = YES;
				CLANG_WARN_BLOCK_CAPTURE_AUTORELEASING = YES;
				CLANG_WARN_BOOL_CONVERSION = YES;
				CLANG_WARN_COMMA = YES;
				CLANG_WARN_CONSTANT_CONVERSION = YES;
				CLANG_WARN_DEPRECATED_OBJC_IMPLEMENTATIONS = YES;
				CLANG_WARN_DIRECT_OBJC_ISA_USAGE = YES_ERROR;
				CLANG_WARN_DOCUMENTATION_COMMENTS = YES;
				CLANG_WARN_EMPTY_BODY = YES;
				CLANG_WARN_ENUM_CONVERSION = YES;
				CLANG_WARN_INFINITE_RECURSION = YES;
				CLANG_WARN_INT_CONVERSION = YES;
				CLANG_WARN_NON_LITERAL_NULL_CONVERSION = YES;
				CLANG_WARN_OBJC_IMPLICIT_RETAIN_SELF = YES;
				CLANG_WARN_OBJC_LITERAL_CONVERSION = YES;
				CLANG_WARN_OBJC_ROOT_CLASS = YES_ERROR;
				CLANG_WARN_QUOTED_INCLUDE_IN_FRAMEWORK_HEADER = YES;
				CLANG_WARN_RANGE_LOOP_ANALYSIS = YES;
				CLANG_WARN_STRICT_PROTOTYPES = YES;
				CLANG_WARN_SUSPICIOUS_MOVE = YES;
				CLANG_WARN_UNGUARDED_AVAILABILITY = YES_AGGRESSIVE;
				CLANG_WARN_UNREACHABLE_CODE = YES;
				CLANG_WARN__DUPLICATE_METHOD_MATCH = YES;
				COPY_PHASE_STRIP = NO;
				DEBUG_INFORMATION_FORMAT = dwarf;
				ENABLE_STRICT_OBJC_MSGSEND = YES;
				ENABLE_TESTABILITY = YES;
				GCC_C_LANGUAGE_STANDARD = gnu11;
				GCC_DYNAMIC_NO_PIC = NO;
				GCC_NO_COMMON_BLOCKS = YES;
				GCC_OPTIMIZATION_LEVEL = 0;
				GCC_PREPROCESSOR_DEFINITIONS = (
					"DEBUG=1",
					"$(inherited)",
				);
				GCC_WARN_64_TO_32_BIT_CONVERSION = YES;
				GCC_WARN_ABOUT_RETURN_TYPE = YES_ERROR;
				GCC_WARN_UNDECLARED_SELECTOR = YES;
				GCC_WARN_UNINITIALIZED_AUTOS = YES_AGGRESSIVE;
				GCC_WARN_UNUSED_FUNCTION = YES;
				GCC_WARN_UNUSED_VARIABLE = YES;
				INFOPLIST_FILE = "";
				IPHONEOS_DEPLOYMENT_TARGET = 15.3;
				MTL_ENABLE_DEBUG_INFO = INCLUDE_SOURCE;
				MTL_FAST_MATH = YES;
				ONLY_ACTIVE_ARCH = YES;
				SDKROOT = iphoneos;
				SWIFT_ACTIVE_COMPILATION_CONDITIONS = DEBUG;
				SWIFT_OPTIMIZATION_LEVEL = "-Onone";
			};
			name = Debug;
		};
		3A4F562127EF948300ECF06B /* Release */ = {
			isa = XCBuildConfiguration;
			buildSettings = {
				ALWAYS_SEARCH_USER_PATHS = NO;
				CLANG_ANALYZER_NONNULL = YES;
				CLANG_ANALYZER_NUMBER_OBJECT_CONVERSION = YES_AGGRESSIVE;
				CLANG_CXX_LANGUAGE_STANDARD = "gnu++17";
				CLANG_ENABLE_MODULES = YES;
				CLANG_ENABLE_OBJC_ARC = YES;
				CLANG_ENABLE_OBJC_WEAK = YES;
				CLANG_WARN_BLOCK_CAPTURE_AUTORELEASING = YES;
				CLANG_WARN_BOOL_CONVERSION = YES;
				CLANG_WARN_COMMA = YES;
				CLANG_WARN_CONSTANT_CONVERSION = YES;
				CLANG_WARN_DEPRECATED_OBJC_IMPLEMENTATIONS = YES;
				CLANG_WARN_DIRECT_OBJC_ISA_USAGE = YES_ERROR;
				CLANG_WARN_DOCUMENTATION_COMMENTS = YES;
				CLANG_WARN_EMPTY_BODY = YES;
				CLANG_WARN_ENUM_CONVERSION = YES;
				CLANG_WARN_INFINITE_RECURSION = YES;
				CLANG_WARN_INT_CONVERSION = YES;
				CLANG_WARN_NON_LITERAL_NULL_CONVERSION = YES;
				CLANG_WARN_OBJC_IMPLICIT_RETAIN_SELF = YES;
				CLANG_WARN_OBJC_LITERAL_CONVERSION = YES;
				CLANG_WARN_OBJC_ROOT_CLASS = YES_ERROR;
				CLANG_WARN_QUOTED_INCLUDE_IN_FRAMEWORK_HEADER = YES;
				CLANG_WARN_RANGE_LOOP_ANALYSIS = YES;
				CLANG_WARN_STRICT_PROTOTYPES = YES;
				CLANG_WARN_SUSPICIOUS_MOVE = YES;
				CLANG_WARN_UNGUARDED_AVAILABILITY = YES_AGGRESSIVE;
				CLANG_WARN_UNREACHABLE_CODE = YES;
				CLANG_WARN__DUPLICATE_METHOD_MATCH = YES;
				COPY_PHASE_STRIP = NO;
				DEBUG_INFORMATION_FORMAT = "dwarf-with-dsym";
				ENABLE_NS_ASSERTIONS = NO;
				ENABLE_STRICT_OBJC_MSGSEND = YES;
				GCC_C_LANGUAGE_STANDARD = gnu11;
				GCC_NO_COMMON_BLOCKS = YES;
				GCC_WARN_64_TO_32_BIT_CONVERSION = YES;
				GCC_WARN_ABOUT_RETURN_TYPE = YES_ERROR;
				GCC_WARN_UNDECLARED_SELECTOR = YES;
				GCC_WARN_UNINITIALIZED_AUTOS = YES_AGGRESSIVE;
				GCC_WARN_UNUSED_FUNCTION = YES;
				GCC_WARN_UNUSED_VARIABLE = YES;
				INFOPLIST_FILE = "";
				IPHONEOS_DEPLOYMENT_TARGET = 15.3;
				MTL_ENABLE_DEBUG_INFO = NO;
				MTL_FAST_MATH = YES;
				SDKROOT = iphoneos;
				SWIFT_COMPILATION_MODE = wholemodule;
				SWIFT_OPTIMIZATION_LEVEL = "-O";
				VALIDATE_PRODUCT = YES;
			};
			name = Release;
		};
		3A4F562327EF948300ECF06B /* Debug */ = {
			isa = XCBuildConfiguration;
			buildSettings = {
				ASSETCATALOG_COMPILER_APPICON_NAME = AppIcon;
				ASSETCATALOG_COMPILER_GLOBAL_ACCENT_COLOR_NAME = AccentColor;
				CODE_SIGN_STYLE = Automatic;
				CURRENT_PROJECT_VERSION = 1;
				DEVELOPMENT_TEAM = H6Q7NMAZAW;
				GENERATE_INFOPLIST_FILE = YES;
				INFOPLIST_FILE = ToDo/SupportFiles/Info.plist;
				INFOPLIST_KEY_UIApplicationSupportsIndirectInputEvents = YES;
				INFOPLIST_KEY_UILaunchStoryboardName = LaunchScreen;
				INFOPLIST_KEY_UISupportedInterfaceOrientations_iPad = "UIInterfaceOrientationPortrait UIInterfaceOrientationPortraitUpsideDown UIInterfaceOrientationLandscapeLeft UIInterfaceOrientationLandscapeRight";
				INFOPLIST_KEY_UISupportedInterfaceOrientations_iPhone = "UIInterfaceOrientationPortrait UIInterfaceOrientationLandscapeLeft UIInterfaceOrientationLandscapeRight";
				LD_RUNPATH_SEARCH_PATHS = (
					"$(inherited)",
					"@executable_path/Frameworks",
				);
				MARKETING_VERSION = 1.0;
				PRODUCT_BUNDLE_IDENTIFIER = Anton.Prokopev.ToDo;
				PRODUCT_NAME = "$(TARGET_NAME)";
				SWIFT_EMIT_LOC_STRINGS = YES;
				SWIFT_VERSION = 5.0;
				TARGETED_DEVICE_FAMILY = "1,2";
			};
			name = Debug;
		};
		3A4F562427EF948300ECF06B /* Release */ = {
			isa = XCBuildConfiguration;
			buildSettings = {
				ASSETCATALOG_COMPILER_APPICON_NAME = AppIcon;
				ASSETCATALOG_COMPILER_GLOBAL_ACCENT_COLOR_NAME = AccentColor;
				CODE_SIGN_STYLE = Automatic;
				CURRENT_PROJECT_VERSION = 1;
				DEVELOPMENT_TEAM = H6Q7NMAZAW;
				GENERATE_INFOPLIST_FILE = YES;
				INFOPLIST_FILE = ToDo/SupportFiles/Info.plist;
				INFOPLIST_KEY_UIApplicationSupportsIndirectInputEvents = YES;
				INFOPLIST_KEY_UILaunchStoryboardName = LaunchScreen;
				INFOPLIST_KEY_UISupportedInterfaceOrientations_iPad = "UIInterfaceOrientationPortrait UIInterfaceOrientationPortraitUpsideDown UIInterfaceOrientationLandscapeLeft UIInterfaceOrientationLandscapeRight";
				INFOPLIST_KEY_UISupportedInterfaceOrientations_iPhone = "UIInterfaceOrientationPortrait UIInterfaceOrientationLandscapeLeft UIInterfaceOrientationLandscapeRight";
				LD_RUNPATH_SEARCH_PATHS = (
					"$(inherited)",
					"@executable_path/Frameworks",
				);
				MARKETING_VERSION = 1.0;
				PRODUCT_BUNDLE_IDENTIFIER = Anton.Prokopev.ToDo;
				PRODUCT_NAME = "$(TARGET_NAME)";
				SWIFT_EMIT_LOC_STRINGS = YES;
				SWIFT_VERSION = 5.0;
				TARGETED_DEVICE_FAMILY = "1,2";
			};
			name = Release;
		};
/* End XCBuildConfiguration section */

/* Begin XCConfigurationList section */
		3A4F560627EF947E00ECF06B /* Build configuration list for PBXProject "ToDo" */ = {
			isa = XCConfigurationList;
			buildConfigurations = (
				3A4F562027EF948300ECF06B /* Debug */,
				3A4F562127EF948300ECF06B /* Release */,
			);
			defaultConfigurationIsVisible = 0;
			defaultConfigurationName = Release;
		};
		3A4F562227EF948300ECF06B /* Build configuration list for PBXNativeTarget "ToDo" */ = {
			isa = XCConfigurationList;
			buildConfigurations = (
				3A4F562327EF948300ECF06B /* Debug */,
				3A4F562427EF948300ECF06B /* Release */,
			);
			defaultConfigurationIsVisible = 0;
			defaultConfigurationName = Release;
		};
/* End XCConfigurationList section */

/* Begin XCVersionGroup section */
		3A4F561727EF947F00ECF06B /* ToDo.xcdatamodeld */ = {
			isa = XCVersionGroup;
			children = (
				3A4F561827EF947F00ECF06B /* ToDo.xcdatamodel */,
			);
			currentVersion = 3A4F561827EF947F00ECF06B /* ToDo.xcdatamodel */;
			path = ToDo.xcdatamodeld;
			sourceTree = "<group>";
			versionGroupType = wrapper.xcdatamodel;
		};
/* End XCVersionGroup section */
	};
	rootObject = 3A4F560327EF947E00ECF06B /* Project object */;
}
